
Microsoft Visual Studio Solution File, Format Version 12.00
# Visual Studio Version 17
VisualStudioVersion = 17.4.33403.182
MinimumVisualStudioVersion = 10.0.40219.1
Project("{9A19103F-16F7-4668-BE54-9A1E7A4F7556}") = "lab-1", "lab-1.csproj", "{67D8E175-80EF-4149-BB7B-F184CF2842D6}"
EndProject
Global
	GlobalSection(SolutionConfigurationPlatforms) = preSolution
		Debug|Any CPU = Debug|Any CPU
		Release|Any CPU = Release|Any CPU
	EndGlobalSection
	GlobalSection(ProjectConfigurationPlatforms) = postSolution
		{67D8E175-80EF-4149-BB7B-F184CF2842D6}.Debug|Any CPU.ActiveCfg = Debug|Any CPU
		{67D8E175-80EF-4149-BB7B-F184CF2842D6}.Debug|Any CPU.Build.0 = Debug|Any CPU
		{67D8E175-80EF-4149-BB7B-F184CF2842D6}.Release|Any CPU.ActiveCfg = Release|Any CPU
		{67D8E175-80EF-4149-BB7B-F184CF2842D6}.Release|Any CPU.Build.0 = Release|Any CPU
	EndGlobalSection
	GlobalSection(SolutionProperties) = preSolution
		HideSolutionNode = FALSE
	EndGlobalSection
	GlobalSection(ExtensibilityGlobals) = postSolution
		SolutionGuid = {CD6DBFBF-B7CB-451F-AD36-2378AC270791}
	EndGlobalSection
EndGlobal
